
Microsoft Visual Studio Solution File, Format Version 12.00
# Visual Studio Version 17
VisualStudioVersion = 17.7.34024.191
MinimumVisualStudioVersion = 10.0.40219.1
Project("{FAE04EC0-301F-11D3-BF4B-00C04F79EFBC}") = "GameOFLife", "GameOFLife\GameOFLife.csproj", "{17BBFAC5-3CA3-41C1-BAAA-9B7F15092E34}"
EndProject
Global
	GlobalSection(SolutionConfigurationPlatforms) = preSolution
		Debug|Any CPU = Debug|Any CPU
		Release|Any CPU = Release|Any CPU
	EndGlobalSection
	GlobalSection(ProjectConfigurationPlatforms) = postSolution
		{17BBFAC5-3CA3-41C1-BAAA-9B7F15092E34}.Debug|Any CPU.ActiveCfg = Debug|Any CPU
		{17BBFAC5-3CA3-41C1-BAAA-9B7F15092E34}.Debug|Any CPU.Build.0 = Debug|Any CPU
		{17BBFAC5-3CA3-41C1-BAAA-9B7F15092E34}.Release|Any CPU.ActiveCfg = Release|Any CPU
		{17BBFAC5-3CA3-41C1-BAAA-9B7F15092E34}.Release|Any CPU.Build.0 = Release|Any CPU
	EndGlobalSection
	GlobalSection(SolutionProperties) = preSolution
		HideSolutionNode = FALSE
	EndGlobalSection
	GlobalSection(ExtensibilityGlobals) = postSolution
		SolutionGuid = {18C8526C-975D-4B81-B38D-ECC320EE5140}
	EndGlobalSection
EndGlobal
